
Microsoft Visual Studio Solution File, Format Version 12.00
# Visual Studio Version 16
VisualStudioVersion = 16.0.29613.14
MinimumVisualStudioVersion = 10.0.40219.1
Project("{FAE04EC0-301F-11D3-BF4B-00C04F79EFBC}") = "ClashDetection", "ClashDetection.csproj", "{957A8FD2-1134-411D-A5DC-628EE19632DA}"
EndProject
Global
	GlobalSection(SolutionConfigurationPlatforms) = preSolution
		Debug|Any CPU = Debug|Any CPU
		Release|Any CPU = Release|Any CPU
	EndGlobalSection
	GlobalSection(ProjectConfigurationPlatforms) = postSolution
		{957A8FD2-1134-411D-A5DC-628EE19632DA}.Debug|Any CPU.ActiveCfg = Debug|Any CPU
		{957A8FD2-1134-411D-A5DC-628EE19632DA}.Debug|Any CPU.Build.0 = Debug|Any CPU
		{957A8FD2-1134-411D-A5DC-628EE19632DA}.Release|Any CPU.ActiveCfg = Release|Any CPU
		{957A8FD2-1134-411D-A5DC-628EE19632DA}.Release|Any CPU.Build.0 = Release|Any CPU
	EndGlobalSection
	GlobalSection(SolutionProperties) = preSolution
		HideSolutionNode = FALSE
	EndGlobalSection
	GlobalSection(ExtensibilityGlobals) = postSolution
		SolutionGuid = {34A6E792-BE5D-4A46-9D7F-4DE08C1D51D5}
	EndGlobalSection
EndGlobal
